
Microsoft Visual Studio Solution File, Format Version 12.00
# Visual Studio Version 17
VisualStudioVersion = 17.6.33723.286
MinimumVisualStudioVersion = 10.0.40219.1
Project("{9A19103F-16F7-4668-BE54-9A1E7A4F7556}") = "BackMonoLegal", "BackMonoLegal\BackMonoLegal.csproj", "{43A25222-A058-4073-A0E5-37BB02D65928}"
EndProject
Project("{FAE04EC0-301F-11D3-BF4B-00C04F79EFBC}") = "BackMonoLegalUnitTest", "BackMonoLegalUnitTest\BackMonoLegalUnitTest.csproj", "{787F47C9-18A3-415A-A776-B1BDB493619E}"
EndProject
Global
	GlobalSection(SolutionConfigurationPlatforms) = preSolution
		Debug|Any CPU = Debug|Any CPU
		Release|Any CPU = Release|Any CPU
	EndGlobalSection
	GlobalSection(ProjectConfigurationPlatforms) = postSolution
		{43A25222-A058-4073-A0E5-37BB02D65928}.Debug|Any CPU.ActiveCfg = Debug|Any CPU
		{43A25222-A058-4073-A0E5-37BB02D65928}.Debug|Any CPU.Build.0 = Debug|Any CPU
		{43A25222-A058-4073-A0E5-37BB02D65928}.Release|Any CPU.ActiveCfg = Release|Any CPU
		{43A25222-A058-4073-A0E5-37BB02D65928}.Release|Any CPU.Build.0 = Release|Any CPU
		{787F47C9-18A3-415A-A776-B1BDB493619E}.Debug|Any CPU.ActiveCfg = Debug|Any CPU
		{787F47C9-18A3-415A-A776-B1BDB493619E}.Debug|Any CPU.Build.0 = Debug|Any CPU
		{787F47C9-18A3-415A-A776-B1BDB493619E}.Release|Any CPU.ActiveCfg = Release|Any CPU
		{787F47C9-18A3-415A-A776-B1BDB493619E}.Release|Any CPU.Build.0 = Release|Any CPU
	EndGlobalSection
	GlobalSection(SolutionProperties) = preSolution
		HideSolutionNode = FALSE
	EndGlobalSection
	GlobalSection(ExtensibilityGlobals) = postSolution
		SolutionGuid = {6BB31552-ADE6-46B5-A619-8F58EB703AF5}
	EndGlobalSection
EndGlobal
